
Microsoft Visual Studio Solution File, Format Version 12.00
# Visual Studio Version 16
VisualStudioVersion = 16.0.31624.102
MinimumVisualStudioVersion = 10.0.40219.1
Project("{8BC9CEB8-8B4A-11D0-8D11-00A0C91BC942}") = "PR6.4Rec", "PR6.4Rec\PR6.4Rec.vcxproj", "{B120C74E-A57D-427D-93FB-9D1EAF4A4856}"
EndProject
Project("{8BC9CEB8-8B4A-11D0-8D11-00A0C91BC942}") = "UT6.4Rec", "UT6.4Rec\UT6.4Rec.vcxproj", "{36CA81A7-0729-4BFC-859C-8C19A9455E03}"
EndProject
Global
	GlobalSection(SolutionConfigurationPlatforms) = preSolution
		Debug|x64 = Debug|x64
		Debug|x86 = Debug|x86
		Release|x64 = Release|x64
		Release|x86 = Release|x86
	EndGlobalSection
	GlobalSection(ProjectConfigurationPlatforms) = postSolution
		{B120C74E-A57D-427D-93FB-9D1EAF4A4856}.Debug|x64.ActiveCfg = Debug|x64
		{B120C74E-A57D-427D-93FB-9D1EAF4A4856}.Debug|x64.Build.0 = Debug|x64
		{B120C74E-A57D-427D-93FB-9D1EAF4A4856}.Debug|x86.ActiveCfg = Debug|Win32
		{B120C74E-A57D-427D-93FB-9D1EAF4A4856}.Debug|x86.Build.0 = Debug|Win32
		{B120C74E-A57D-427D-93FB-9D1EAF4A4856}.Release|x64.ActiveCfg = Release|x64
		{B120C74E-A57D-427D-93FB-9D1EAF4A4856}.Release|x64.Build.0 = Release|x64
		{B120C74E-A57D-427D-93FB-9D1EAF4A4856}.Release|x86.ActiveCfg = Release|Win32
		{B120C74E-A57D-427D-93FB-9D1EAF4A4856}.Release|x86.Build.0 = Release|Win32
		{36CA81A7-0729-4BFC-859C-8C19A9455E03}.Debug|x64.ActiveCfg = Debug|x64
		{36CA81A7-0729-4BFC-859C-8C19A9455E03}.Debug|x64.Build.0 = Debug|x64
		{36CA81A7-0729-4BFC-859C-8C19A9455E03}.Debug|x86.ActiveCfg = Debug|Win32
		{36CA81A7-0729-4BFC-859C-8C19A9455E03}.Debug|x86.Build.0 = Debug|Win32
		{36CA81A7-0729-4BFC-859C-8C19A9455E03}.Release|x64.ActiveCfg = Release|x64
		{36CA81A7-0729-4BFC-859C-8C19A9455E03}.Release|x64.Build.0 = Release|x64
		{36CA81A7-0729-4BFC-859C-8C19A9455E03}.Release|x86.ActiveCfg = Release|Win32
		{36CA81A7-0729-4BFC-859C-8C19A9455E03}.Release|x86.Build.0 = Release|Win32
	EndGlobalSection
	GlobalSection(SolutionProperties) = preSolution
		HideSolutionNode = FALSE
	EndGlobalSection
	GlobalSection(ExtensibilityGlobals) = postSolution
		SolutionGuid = {98BE1D16-D42B-42D7-A931-D7C7E67394D7}
	EndGlobalSection
EndGlobal
